
Microsoft Visual Studio Solution File, Format Version 11.00
# Visual Studio 2010
Project("{002A2DE9-8BB6-484D-9802-7E4AD4084715}") = "dstylecheck", "dstylecheck.visualdproj", "{D6260AFB-5010-492B-81D4-0364B6E6DD62}"
EndProject
Global
	GlobalSection(SolutionConfigurationPlatforms) = preSolution
		Debug|Win32 = Debug|Win32
		Release|Win32 = Release|Win32
	EndGlobalSection
	GlobalSection(ProjectConfigurationPlatforms) = postSolution
		{D6260AFB-5010-492B-81D4-0364B6E6DD62}.Debug|Win32.ActiveCfg = Debug|Win32
		{D6260AFB-5010-492B-81D4-0364B6E6DD62}.Debug|Win32.Build.0 = Debug|Win32
		{D6260AFB-5010-492B-81D4-0364B6E6DD62}.Release|Win32.ActiveCfg = Release|Win32
		{D6260AFB-5010-492B-81D4-0364B6E6DD62}.Release|Win32.Build.0 = Release|Win32
	EndGlobalSection
	GlobalSection(SolutionProperties) = preSolution
		HideSolutionNode = FALSE
	EndGlobalSection
EndGlobal
